
Microsoft Visual Studio Solution File, Format Version 12.00
# Visual Studio Version 16
VisualStudioVersion = 16.0.30523.141
MinimumVisualStudioVersion = 10.0.40219.1
Project("{FAE04EC0-301F-11D3-BF4B-00C04F79EFBC}") = "IHSMarkit.Exercise", "IHSMarkit.Exercise\IHSMarkit.Exercise.csproj", "{F783F299-63C6-4687-B1B7-1A9B8431770D}"
EndProject
Global
	GlobalSection(SolutionConfigurationPlatforms) = preSolution
		Debug|Any CPU = Debug|Any CPU
		Release|Any CPU = Release|Any CPU
	EndGlobalSection
	GlobalSection(ProjectConfigurationPlatforms) = postSolution
		{F783F299-63C6-4687-B1B7-1A9B8431770D}.Debug|Any CPU.ActiveCfg = Debug|Any CPU
		{F783F299-63C6-4687-B1B7-1A9B8431770D}.Debug|Any CPU.Build.0 = Debug|Any CPU
		{F783F299-63C6-4687-B1B7-1A9B8431770D}.Release|Any CPU.ActiveCfg = Release|Any CPU
		{F783F299-63C6-4687-B1B7-1A9B8431770D}.Release|Any CPU.Build.0 = Release|Any CPU
	EndGlobalSection
	GlobalSection(SolutionProperties) = preSolution
		HideSolutionNode = FALSE
	EndGlobalSection
	GlobalSection(ExtensibilityGlobals) = postSolution
		SolutionGuid = {FC5A692B-F481-4623-8E4C-31CB30BBD7A2}
	EndGlobalSection
EndGlobal
